lockfileVersion: '9.0'

settings:
  autoInstallPeers: true
  excludeLinksFromLockfile: false

overrides:
  brace-expansion@<1.1.13: '>=1.1.13'
  form-data@<2.5.4: '>=2.5.4'
  minimatch@<3.1.3: '>=3.1.3'
  minimatch@<3.1.4: '>=3.1.4'
  tar@<7.5.7: '>=7.5.7'
  tar@<7.5.8: '>=7.5.8'
  tar@<=7.5.10: '>=7.5.11'
  tar@<=7.5.15: '>=7.5.16'
  tar@<=7.5.2: '>=7.5.3'
  tar@<=7.5.3: '>=7.5.4'
  tar@<=7.5.9: '>=7.5.10'
  tar@=7.5.1: '>=7.5.2'
  tough-cookie@<4.1.3: '>=4.1.3'

patchedDependencies:
  '@projectdysnomia/dysnomia@0.2.4':
    hash: 6352d8c2945d8257c3e87d8000a2f398d0b2ffdc1f4a958efc0e1c8ac19588a2
    path: patches/@projectdysnomia__dysnomia@0.2.4.patch

importers:

  .:
    dependencies:
      '@projectdysnomia/dysnomia':
        specifier: 0.2.4
        version: 0.2.4(patch_hash=6352d8c2945d8257c3e87d8000a2f398d0b2ffdc1f4a958efc0e1c8ac19588a2)(@discordjs/opus@0.10.0(encoding@0.1.13))(@emnapi/core@1.6.0)(@emnapi/runtime@1.6.0)(bufferutil@4.1.0)(erlpack@0.1.4)(sodium-native@5.1.0(bare-events@2.9.1))
      async-wait-until:
        specifier: ^2.0.30
        version: 2.0.31
      dayjs:
        specifier: ^1.11.21
        version: 1.11.21
      lodash:
        specifier: ^4.18.1
        version: 4.18.1
      node-telegram-bot-api:
        specifier: 1.1.2
        version: 1.1.2
      opusscript:
        specifier: ^0.1.1
        version: 0.1.1
      status-client:
        specifier: github:jimchen5209/StatusClient_JS#v2.3.0
        version: https://codeload.github.com/jimchen5209/StatusClient_JS/tar.gz/35dbe99adc7aa5c081299ba26483e933c87bcdac
      tslog:
        specifier: ^4.9.3
        version: 4.10.2
    devDependencies:
      '@biomejs/biome':
        specifier: 2.5.10
        version: 2.5.10
      '@types/lodash':
        specifier: ^4.17.24
        version: 4.17.24
      '@types/node':
        specifier: ^24.13.2
        version: 24.13.2
      '@types/ws':
        specifier: ^8.18.1
        version: 8.18.1
      node-gyp:
        specifier: ^13.0.0
        version: 13.0.1
      typescript:
        specifier: ^6.0.3
        version: 6.0.3
    optionalDependencies:
      '@discordjs/opus':
        specifier: 0.10.0
        version: 0.10.0(encoding@0.1.13)
      bufferutil:
        specifier: ^4.1.0
        version: 4.1.0
      erlpack:
        specifier: ^0.1.4
        version: 0.1.4
      node-addon-api:
        specifier: ^8.8.0
        version: 8.9.0
      sodium-native:
        specifier: ^5.1.0
        version: 5.1.0(bare-events@2.9.1)

packages:

  '@biomejs/biome@2.5.10':
    resolution: {integrity: sha512-WRKXARA3kTuiV5sxqTpobJ/I0MVd4vk3pOL6wnp5az4LntFIhWTj1RWZq3DI9PCEN3lXcqy7p5aqUHzvq8AXyQ==}
    engines: {node: '>=14.21.3'}
    hasBin: true

  '@biomejs/cli-darwin-arm64@2.5.10':
    resolution: {integrity: sha512-ItCrxKK6SXVT6flYs0qIuBd4AA3TTTl4d66Re6YI2FuGZnN85NmuYNzkiTJUyYw8qBLv69L5zTUB6uyWd++h3Q==}
    engines: {node: '>=14.21.3'}
    cpu: [arm64]
    os: [darwin]

  '@biomejs/cli-darwin-x64@2.5.10':
    resolution: {integrity: sha512-yLsPU9pAmtChXDu8vhKAzErqe+LeeYuwuUB2FZMkRitsmdodxsYRa9KHrFispsUHzzOu+9HB3nP/TQxyia+Sjw==}
    engines: {node: '>=14.21.3'}
    cpu: [x64]
    os: [darwin]

  '@biomejs/cli-linux-arm64-musl@2.5.10':
    resolution: {integrity: sha512-t1QAKZwQJRB4dvgJSgFiQ4BNfNPChg69BNonz854qLVxnjT3UvDzQg9mbkTJRu35ZqU0Rw10A73J8Urgbg2RPw==}
    engines: {node: '>=14.21.3'}
    cpu: [arm64]
    os: [linux]
    libc: [musl]

  '@biomejs/cli-linux-arm64@2.5.10':
    resolution: {integrity: sha512-VG8uQW/86a1roLaIFvtIbEigxIdzdJ190oGyg1tV7VYeQtOS+x10sflk7WbuXgw91EtZX5DlIIIej1YqkNLlcg==}
    engines: {node: '>=14.21.3'}
    cpu: [arm64]
    os: [linux]
    libc: [glibc]

  '@biomejs/cli-linux-x64-musl@2.5.10':
    resolution: {integrity: sha512-pgDDqp9JybHm2I0KRgzN6i4+lt8xu4iqxUwLzglUMmOmyRTU1AYBGKzh9sNMOtIjah7xoWvKHlLVetvyifzoiQ==}
    engines: {node: '>=14.21.3'}
    cpu: [x64]
    os: [linux]
    libc: [musl]

  '@biomejs/cli-linux-x64@2.5.10':
    resolution: {integrity: sha512-4O6T0eq2heoHZN0a9UX+rWQoxXEBaKf+lRi2hbsGlHneUz9BWXM76nEWMK7Eeq8gzMxR1khQB6BFpAASpeXqGg==}
    engines: {node: '>=14.21.3'}
    cpu: [x64]
    os: [linux]
    libc: [glibc]

  '@biomejs/cli-win32-arm64@2.5.10':
    resolution: {integrity: sha512-pxAbxduPO4xq/Cvgaa2lOrs9BB0hEXmmDqfMNP4ZOffGOkUrD1/QGw9UAMpFQpX2P8MqTIIRuQKcmetum4Oa6A==}
    engines: {node: '>=14.21.3'}
    cpu: [arm64]
    os: [win32]

  '@biomejs/cli-win32-x64@2.5.10':
    resolution: {integrity: sha512-M+2dgBsl3lXRiTfgPVc2p3anS4Tocojke4rzFLScZ2Y/wmF+36dRb1iHCLiyGqOzQGyTplZH1HnEYviiAqi3nA==}
    engines: {node: '>=14.21.3'}
    cpu: [x64]
    os: [win32]

  '@discordjs/node-pre-gyp@0.4.5':
    resolution: {integrity: sha512-YJOVVZ545x24mHzANfYoy0BJX5PDyeZlpiJjDkUBM/V/Ao7TFX9lcUvCN4nr0tbr5ubeaXxtEBILUrHtTphVeQ==}
    hasBin: true

  '@discordjs/opus@0.10.0':
    resolution: {integrity: sha512-HHEnSNrSPmFEyndRdQBJN2YE6egyXS9JUnJWyP6jficK0Y+qKMEZXyYTgmzpjrxXP1exM/hKaNP7BRBUEWkU5w==}
    engines: {node: '>=12.0.0'}

  '@emnapi/core@1.6.0':
    resolution: {integrity: sha512-zq/ay+9fNIJJtJiZxdTnXS20PllcYMX3OE23ESc4HK/bdYu3cOWYVhsOhVnXALfU/uqJIxn5NBPd9z4v+SfoSg==}

  '@emnapi/runtime@1.6.0':
    resolution: {integrity: sha512-obtUmAHTMjll499P+D9A3axeJFlhdjOWdKUNs/U6QIGT7V5RjcUW1xToAzjvmgTSQhDbYn/NwfTRoJcQ2rNBxA==}

  '@emnapi/wasi-threads@1.1.0':
    resolution: {integrity: sha512-WI0DdZ8xFSbgMjR1sFsKABJ/C5OnRrjT06JXbZKexJGrDuPTzZdDYfFlsgcCXCyf+suG5QU2e/y1Wo2V/OapLQ==}

  '@isaacs/fs-minipass@4.0.1':
    resolution: {integrity: sha512-wgm9Ehl2jpeqP3zw/7mo3kRHFp5MEDhqAdwy1fTGkHAwnkGOVsgpvQhL8B5n1qlb01jV3n/bI0ZfZp5lWA1k4w==}
    engines: {node: '>=18.0.0'}

  '@napi-rs/wasm-runtime@1.1.6':
    resolution: {integrity: sha512-ZLv/JdUfkvOy9eCnnBaGfiO+XimbjebAeO+MRQqD/B+FR1tnRN0tpKSJHRbE8sFfS6aqsXZ67TQjfwfsxULVbg==}
    peerDependencies:
      '@emnapi/core': ^1.7.1
      '@emnapi/runtime': ^1.7.1

  '@projectdysnomia/dysnomia@0.2.4':
    resolution: {integrity: sha512-IOBqk7jjhlVLUQKVhV85ui1PCPFdW4bMOZGowfdeLfIl9M8gqg0LuMrFcC5rIH3PlpE1IYcO63SyiEie2/I/iA==}
    engines: {node: '>=18.0.0'}
    peerDependencies:
      '@discordjs/opus': ^0.10.0
      erlpack: github:discord/erlpack
      eventemitter3: ^5.0.1
      pako: ^2.1.0
      sodium-native: ^5.1.0
      zlib-sync: ^0.1.9
    peerDependenciesMeta:
      '@discordjs/opus':
        optional: true
      erlpack:
        optional: true
      eventemitter3:
        optional: true
      pako:
        optional: true
      sodium-native:
        optional: true
      zlib-sync:
        optional: true

  '@snazzah/davey-android-arm-eabi@0.1.12':
    resolution: {integrity: sha512-6VC/an+Sx5dI5skb+90rYcIB1jhm48Rl0nDaw0UNT4bz1rMjpVfmmZqeocYXMq96IdbBMlE6OTKGcBm2C3gkQg==}
    engines: {node: '>= 10'}
    cpu: [arm]
    os: [android]

  '@snazzah/davey-android-arm64@0.1.12':
    resolution: {integrity: sha512-0Bwd03/JsTFhlPhF4q/LW0RxSzntFpQdhz+TBdFljYSg8IEyA38saPJeTNjpIgDfhAumPzvhCdfS6O5qT8yXDw==}
    engines: {node: '>= 10'}
    cpu: [arm64]
    os: [android]

  '@snazzah/davey-darwin-arm64@0.1.12':
    resolution: {integrity: sha512-lKMV6ITi9BQLt0fx/pAT7M8xcojVK7bryVJGdaW3bq8gABFslS3ti/KzrWabQvhpEV71FZe5mV0UcKHFVaTsZw==}
    engines: {node: '>= 10'}
    cpu: [arm64]
    os: [darwin]

  '@snazzah/davey-darwin-x64@0.1.12':
    resolution: {integrity: sha512-vXXc/eW/e3TQeb7VsdtrPqs3/22j0aSqiP1ZXmZtDjQRBwgSxwItWYa6sh5MELP2EHB2igNlGzB6Hc0XlbGi4g==}
    engines: {node: '>= 10'}
    cpu: [x64]
    os: [darwin]

  '@snazzah/davey-freebsd-x64@0.1.12':
    resolution: {integrity: sha512-G1gas5HrC4Xp3mRY0+OeAqXS6fG2tRgBEc8gQh69Hw4YK9RV9mzQKcmoKMkBM72U1+2C+2u57dolnKKzwozByQ==}
    engines: {node: '>= 10'}
    cpu: [x64]
    os: [freebsd]

  '@snazzah/davey-linux-arm-gnueabihf@0.1.12':
    resolution: {integrity: sha512-97Fujh82r2Ll7dPZeNuoZ3yKfsqycf3c93OWXOo/ThNL/18Onl2Ht4SIvpX6VHhfeS9bDpHJ1lHCaz1b/i5ocw==}
    engines: {node: '>= 10'}
    cpu: [arm]
    os: [linux]

  '@snazzah/davey-linux-arm64-gnu@0.1.12':
    resolution: {integrity: sha512-FWyAOv52cHKDM4BOsmImKKogHFvqNFoXmZcicNJbX3XpVl8Mas88ZoXQ+IA5V+qc9pNtAl1MbWwEZ9JrqAQtbg==}
    engines: {node: '>= 10'}
    cpu: [arm64]
    os: [linux]
    libc: [glibc]

  '@snazzah/davey-linux-arm64-musl@0.1.12':
    resolution: {integrity: sha512-ptRbLSQxtV6EjXppS5z7qaPDI0NRKhrkJYsTlAjEghmOvlAObozSCYYnMO6nbkt6Ab3+lWqyahClzcRNcD2ouw==}
    engines: {node: '>= 10'}
    cpu: [arm64]
    os: [linux]
    libc: [musl]

  '@snazzah/davey-linux-x64-gnu@0.1.12':
    resolution: {integrity: sha512-w86fZvhJn0ErOoAQHt2UbQ95V/cgwvfvQ4GlTPQLCzt58nn+rLlXLgPn90qYlSQrZxFW38rKXwqVOMbm9p+pwQ==}
    engines: {node: '>= 10'}
    cpu: [x64]
    os: [linux]
    libc: [glibc]

  '@snazzah/davey-linux-x64-musl@0.1.12':
    resolution: {integrity: sha512-LLNnO+hfG41ymeI+O1YHo5/0h3aKaetUNLdkBwpdJsjoyKMXZaeCnB+aHNkkupJCMPmWS0g6iPMCHUOqZSBcTg==}
    engines: {node: '>= 10'}
    cpu: [x64]
    os: [linux]
    libc: [musl]

  '@snazzah/davey-wasm32-wasi@0.1.12':
    resolution: {integrity: sha512-MPKFuqYVkDFXheR7qmtEY4FWxQ/ADfgsCojQWHi13sibUqCTR9q2F1LqNn2i9IVh3sh1sxeg87fdFMCH63pl7g==}
    engines: {node: '>=14.0.0'}
    cpu: [wasm32]

  '@snazzah/davey-win32-arm64-msvc@0.1.12':
    resolution: {integrity: sha512-Uf4OYHyfbXpzyaOqIV8/h6kv166Qni5+Bxmc1E/ov4uhhKO8qXbOky8zbVOzu0U4cv5ll3s4IQ8jDAJkx/K75Q==}
    engines: {node: '>= 10'}
    cpu: [arm64]
    os: [win32]

  '@snazzah/davey-win32-ia32-msvc@0.1.12':
    resolution: {integrity: sha512-nRVbKTsb2ldcPI8D4BDA7P/UeiMEMvR+wYuUMp7H1pRD/3dF2hKo+MzUU+Pn78EhuYA3CWHItiAcS/GsPld67A==}
    engines: {node: '>= 10'}
    cpu: [ia32]
    os: [win32]

  '@snazzah/davey-win32-x64-msvc@0.1.12':
    resolution: {integrity: sha512-AgUA3itPDVkxQq7RIkgE1thCiWePwWjyfOZefBBxGIlMWpRUOSwF4vY9kNLnrScyJcFULdR+Zm8PwiwV8/RKnw==}
    engines: {node: '>= 10'}
    cpu: [x64]
    os: [win32]

  '@snazzah/davey@0.1.12':
    resolution: {integrity: sha512-V+NlX5931RwVamZhhEfZekMdcvXDKdMAmHW1AuGaykVQsNyBOq3bpmGpoKRBDCYgFWKIufJ0Dcg3m4cYhvUy6g==}
    engines: {node: '>= 10'}

  '@stablelib/aead@1.0.1':
    resolution: {integrity: sha512-q39ik6sxGHewqtO0nP4BuSe3db5G1fEJE8ukvngS2gLkBXyy6E7pLubhbYgnkDFv6V8cWaxcE4Xn0t6LWcJkyg==}

  '@stablelib/binary@1.0.1':
    resolution: {integrity: sha512-ClJWvmL6UBM/wjkvv/7m5VP3GMr9t0osr4yVgLZsLCOz4hGN9gIAFEqnJ0TsSMAN+n840nf2cHZnA5/KFqHC7Q==}

  '@stablelib/chacha20poly1305@1.0.1':
    resolution: {integrity: sha512-MmViqnqHd1ymwjOQfghRKw2R/jMIGT3wySN7cthjXCBdO+qErNPUBnRzqNpnvIwg7JBCg3LdeCZZO4de/yEhVA==}

  '@stablelib/chacha@1.0.1':
    resolution: {integrity: sha512-Pmlrswzr0pBzDofdFuVe1q7KdsHKhhU24e8gkEwnTGOmlC7PADzLVxGdn2PoNVBBabdg0l/IfLKg6sHAbTQugg==}

  '@stablelib/constant-time@1.0.1':
    resolution: {integrity: sha512-tNOs3uD0vSJcK6z1fvef4Y+buN7DXhzHDPqRLSXUel1UfqMB1PWNsnnAezrKfEwTLpN0cGH2p9NNjs6IqeD0eg==}

  '@stablelib/int@1.0.1':
    resolution: {integrity: sha512-byr69X/sDtDiIjIV6m4roLVWnNNlRGzsvxw+agj8CIEazqWGOQp2dTYgQhtyVXV9wpO6WyXRQUzLV/JRNumT2w==}

  '@stablelib/poly1305@1.0.1':
    resolution: {integrity: sha512-1HlG3oTSuQDOhSnLwJRKeTRSAdFNVB/1djy2ZbS35rBSJ/PFqx9cf9qatinWghC2UbfOYD8AcrtbUQl8WoxabA==}

  '@stablelib/wipe@1.0.1':
    resolution: {integrity: sha512-WfqfX/eXGiAd3RJe4VU2snh/ZPwtSjLG4ynQ/vYzvghTh7dHFcI1wl+nrkWG6lGhukOxOsUHfv8dUXr58D0ayg==}

  '@stablelib/xchacha20@1.0.1':
    resolution: {integrity: sha512-1YkiZnFF4veUwBVhDnDYwo6EHeKzQK4FnLiO7ezCl/zu64uG0bCCAUROJaBkaLH+5BEsO3W7BTXTguMbSLlWSw==}

  '@stablelib/xchacha20poly1305@1.0.1':
    resolution: {integrity: sha512-B1Abj0sMJ8h3HNmGnJ7vHBrAvxuNka6cJJoZ1ILN7iuacXp7sUYcgOVEOTLWj+rtQMpspY9tXSCRLPmN1mQNWg==}

  '@tybys/wasm-util@0.10.3':
    resolution: {integrity: sha512-F3fo1MYrRJYL3zER0OUOmkutjr1Vp23m7OsSgp7nq4SP6OqX6C/56XFIPAl5bt3zaBRjmW7SGz3u/6LwFpYcOg==}

  '@types/lodash@4.17.24':
    resolution: {integrity: sha512-gIW7lQLZbue7lRSWEFql49QJJWThrTFFeIMJdp3eH4tKoxm1OvEPg02rm4wCCSHS0cL3/Fizimb35b7k8atwsQ==}

  '@types/node@24.13.2':
    resolution: {integrity: sha512-fRa09kZTgu8o71KFcDjUFuc7F+dEbZYZmkI0mg5YBTRs0yMKjYHsq/c0urDKeDb+D5qVgXOdFcuu+DZPKOITwA==}

  '@types/ws@8.18.1':
    resolution: {integrity: sha512-ThVF6DCVhA8kUGy+aazFQ4kXQ7E1Ty7A3ypFOe0IcJV8O/M511G99AW24irKrW56Wt44yG9+ij8FaqoBGkuBXg==}

  abbrev@1.1.1:
    resolution: {integrity: sha512-nne9/IiQ/hzIhY6pdDnbBtz7DjPTKrY00P/zvPSm5pOFkl6xuGrGnXn/VtTNNfNtAfZ9/1RtehkszU9qcTii0Q==}

  abbrev@5.0.0:
    resolution: {integrity: sha512-/XrFJgzQQQHpti1raDJC6m4ws6aNktmjBlhk8Fdlk7LwCEuDoieEJJY9OFHjfiFJFFRM2tK+Ky/IsfbbmlMu1w==}
    engines: {node: ^22.22.2 || ^24.15.0 || >=26.0.0}

  agent-base@6.0.2:
    resolution: {integrity: sha512-RZNwNclF7+MS/8bDg70amg32dyeZGZxiDuQmZxKLAlQjr3jGyLx+4Kkk58UO7D2QdgFIQCovuSuZESne6RG6XQ==}
    engines: {node: '>= 6.0.0'}

  ansi-regex@5.0.1:
    resolution: {integrity: sha512-quJQXlTSUGL2LH9SUXo8VwsY4soanhgo6LNSm84E1LBcE8s3O0wpdiRzyR9z/ZZJMlMWv37qOOb9pdJlMUEKFQ==}
    engines: {node: '>=8'}

  aproba@2.1.0:
    resolution: {integrity: sha512-tLIEcj5GuR2RSTnxNKdkK0dJ/GrC7P38sUkiDmDuHfsHmbagTFAxDVIBltoklXEVIQ/f14IL8IMJ5pn9Hez1Ew==}

  are-we-there-yet@2.0.0:
    resolution: {integrity: sha512-Ci/qENmwHnsYo9xKIcUJN5LeDKdJ6R1Z1j9V/J5wyq8nh/mYPEpIKJbBZXtZjG04HiK7zV/p6Vs9952MrMeUIw==}
    engines: {node: '>=10'}
    deprecated: This package is no longer supported.

  async-wait-until@2.0.31:
    resolution: {integrity: sha512-9VCfHvc4f36oT6sG5p16aKc9zojf3wF4FrjNDxU3Db51SJ1bQ5lWAWtQDDZPysTwSLKBDzNZ083qPkTIj6XnrA==}
    engines: {node: '>= 0.14.0', npm: '>= 1.0.0'}

  b4a@1.8.1:
    resolution: {integrity: sha512-aiqre1Nr0B/6DgE2N5vwTc+2/oQZ4Wh1t4NznYY4E00y8LCt6NqdRv81so00oo27D8MVKTpUa/MwUUtBLXCoDw==}
    peerDependencies:
      react-native-b4a: '*'
    peerDependenciesMeta:
      react-native-b4a:
        optional: true

  balanced-match@4.0.4:
    resolution: {integrity: sha512-BLrgEcRTwX2o6gGxGOCNyMvGSp35YofuYzw9h1IMTRmKqttAZZVU67bdb9Pr2vUHA8+j3i2tJfjO6C6+4myGTA==}
    engines: {node: 18 || 20 || >=22}

  bare-addon-resolve@1.9.5:
    resolution: {integrity: sha512-XdqrG73zLK9LDfblOJwoAxmJ+7YdfRW4ex46+f4L+wPhk7H7LDrRMAbBw8s8jkxeEFpUenyB7QHnv0ErAWd3Yg==}
    peerDependencies:
      bare-url: '*'
    peerDependenciesMeta:
      bare-url:
        optional: true

  bare-ansi-escapes@2.2.3:
    resolution: {integrity: sha512-02ES4/E2RbrtZSnHJ9LntBhYkLA6lPpSEeP8iqS3MccBIVhVBlEmruF1I7HZqx5Q8aiTeYfQVeqmrU9YO2yYoQ==}
    peerDependencies:
      bare-buffer: '*'
    peerDependenciesMeta:
      bare-buffer:
        optional: true

  bare-assert@1.2.0:
    resolution: {integrity: sha512-c6uvgvTJBspTDxtVnPgrBKmLgcpW3Fp72NVKDLg6oT4QjQbhGtvrkHMhGYMK1sh4vjBHOBmuUalyt9hSzV37fQ==}

  bare-events@2.9.1:
    resolution: {integrity: sha512-Z0oHEHAFDZkffN8Qc39zNZjQlMDkPJRyyyZieU1VH7u8c5S+qHZ2S8ixdKIAxEjfHO7FJxXmJWgteOghVanIsg==}
    peerDependencies:
      bare-abort-controller: '*'
    peerDependenciesMeta:
      bare-abort-controller:
        optional: true

  bare-inspect@3.1.4:
    resolution: {integrity: sha512-jfW5KRA84o3REpI6Vr4nbvMn+hqVAw8GU1mMdRwUsY5yJovQamxYeKGVKGqdzs+8ZbG4jRzGUXP/3Ji/DnqfPg==}
    engines: {bare: '>=1.18.0'}

  bare-module-resolve@1.11.2:
    resolution: {integrity: sha512-HIBu9WacMejg3Dz4X1v6lJjp7ECnwpujvuLub+8I7JJLRwJaGxWMzGYvieOoS9R1n5iRByvTmLtIdPbwjfRgiQ==}
    peerDependencies:
      bare-url: '*'
    peerDependenciesMeta:
      bare-url:
        optional: true

  bare-os@3.6.2:
    resolution: {integrity: sha512-T+V1+1srU2qYNBmJCXZkUY5vQ0B4FSlL3QDROnKQYOqeiQR8UbjNHlPa+TIbM4cuidiN9GaTaOZgSEgsvPbh5A==}
    engines: {bare: '>=1.14.0'}

  bare-path@3.0.0:
    resolution: {integrity: sha512-tyfW2cQcB5NN8Saijrhqn0Zh7AnFNsnczRcuWODH0eYAXBsJ5gVxAUuNr7tsHSC6IZ77cA0SitzT+s47kot8Mw==}

  bare-semver@1.0.2:
    resolution: {integrity: sha512-ESVaN2nzWhcI5tf3Zzcq9aqCZ676VWzqw07eEZ0qxAcEOAFYBa0pWq8sK34OQeHLY3JsfKXZS9mDyzyxGjeLzA==}

  bare-stream@2.13.3:
    resolution: {integrity: sha512-Kc+brLqvEqGkjyfiwJmImAOqLZL7OsoLKuavx+hJjgVV3nLTOjloJyPMFxjUPerGGHrNH0fLU06jjykMLWrERQ==}
    peerDependencies:
      bare-abort-controller: '*'
      bare-buffer: '*'
      bare-events: '*'
    peerDependenciesMeta:
      bare-abort-controller:
        optional: true
      bare-buffer:
        optional: true
      bare-events:
        optional: true

  bare-type@1.1.0:
    resolution: {integrity: sha512-LdtnnEEYldOc87Dr4GpsKnStStZk3zfgoEMXy8yvEZkXrcCv9RtYDrUYWFsBQHtaB0s1EUWmcvS6XmEZYIj3Bw==}
    engines: {bare: '>=1.2.0'}

  bare-url@2.3.1:
    resolution: {integrity: sha512-v2yl0TnaZTdEnelkKtXZGnotiV6qATBlnNuUMrHl6v9Lmmrh9mw9RYyImPU7/4RahumSwQS1k2oKXcRfXcbjJw==}

  bindings@1.5.0:
    resolution: {integrity: sha512-p2q/t/mhvuOj/UeLlV6566GD/guowlr0hHxClI0W9m7MWYkL1F0hLo+0Aexs9HSPCtR1SXQ0TD3MMKrXZajbiQ==}

  brace-expansion@5.0.6:
    resolution: {integrity: sha512-kLpxurY4Z4r9sgMsyG0Z9uzsBlgiU/EFKhj/h91/8yHu0edo7XuixOIH3VcJ8kkxs6/jPzoI6U9Vj3WqbMQ94g==}
    engines: {node: 18 || 20 || >=22}

  bufferutil@4.1.0:
    resolution: {integrity: sha512-ZMANVnAixE6AWWnPzlW2KpUrxhm9woycYvPOo67jWHyFowASTEd9s+QN1EIMsSDtwhIxN4sWE1jotpuDUIgyIw==}
    engines: {node: '>=6.14.2'}

  chownr@3.0.0:
    resolution: {integrity: sha512-+IxzY9BZOQd/XuYPRmrvEVjF/nqj5kgT4kEq7VofrDoM1MxoRjEWkrCC3EtLi59TVawxTAn+orJwFQcrqEN1+g==}
    engines: {node: '>=18'}

  color-support@1.1.3:
    resolution: {integrity: sha512-qiBjkpbMLO/HL68y+lh4q0/O1MZFj2RX6X/KmMa3+gJD3z+WwI1ZzDHysvqHGS3mP6mznPckpXmw1nI9cJjyRg==}
    hasBin: true

  console-control-strings@1.1.0:
    resolution: {integrity: sha512-ty/fTekppD2fIwRvnZAVdeOiGd1c7YXEixbgJTNzqcxJWKQnjJ/V1bNEEE6hygpM3WjwHFUVK6HTjWSzV4a8sQ==}

  dayjs@1.11.21:
    resolution: {integrity: sha512-98IT+HOahAisibz/yjKbzuOBwYcjJ7BCLPzARyHiyEBmRz4fatF+KPJszEHXsGYjUG234aH/cOjW1wwTbKUZlA==}

  debug@4.4.3:
    resolution: {integrity: sha512-RGwwWnwQvkVfavKVt22FGLw+xYSdzARwm0ru6DhTVA3umU5hZc28V3kO4stgYryrTlLpuvgI9GiijltAjNbcqA==}
    engines: {node: '>=6.0'}
    peerDependencies:
      supports-color: '*'
    peerDependenciesMeta:
      supports-color:
        optional: true

  delegates@1.0.0:
    resolution: {integrity: sha512-bd2L678uiWATM6m5Z1VzNCErI3jiGzt6HGY8OVICs40JQq/HALfbyNJmp0UDakEY4pMMaN0Ly5om/B1VI/+xfQ==}

  detect-libc@2.1.2:
    resolution: {integrity: sha512-Btj2BOOO83o3WyH59e8MgXsxEQVcarkUOpEYrubB0urwnN10yQ364rsiByU11nZlqWYZm05i/of7io4mzihBtQ==}
    engines: {node: '>=8'}

  emoji-regex@8.0.0:
    resolution: {integrity: sha512-MSjYzcWNOA0ewAHpz0MxpYFvwg6yjy1NG3xteoqz644VCo/RPgnr1/GGt+ic3iJTzQ8Eu3TdM14SawnVUmGE6A==}

  encoding@0.1.13:
    resolution: {integrity: sha512-ETBauow1T35Y/WZMkio9jiM0Z5xjHHmJ4XmjZOq1l/dXz3lr2sRn87nJy20RupqSh1F2m3HHPSp8ShIPQJrJ3A==}

  env-paths@2.2.1:
    resolution: {integrity: sha512-+h1lkLKhZMTYjog1VEpJNG7NZJWcuc2DDk/qsqSTRRCOXiLjeQ1d1/udrUGhqMxUgAlwKNZ0cf2uqan5GLuS2A==}
    engines: {node: '>=6'}

  erlpack@0.1.4:
    resolution: {integrity: sha512-CJYbkEvsB5FqCCu2tLxF1eYKi28PvemC12oqzJ9oO6mDFrFO9G9G7nNJUHhiAyyL9zfXTOJx/tOcrQk+ncD65w==}

  events-universal@1.0.1:
    resolution: {integrity: sha512-LUd5euvbMLpwOF8m6ivPCbhQeSiYVNb8Vs0fQ8QjXo0JTkEHpz8pxdQf0gStltaPpw0Cca8b39KxvK9cfKRiAw==}

  exponential-backoff@3.1.3:
    resolution: {integrity: sha512-ZgEeZXj30q+I0EN+CbSSpIyPaJ5HVQD18Z1m+u1FXbAeT94mr1zw50q4q6jiiC447Nl/YTcIYSAftiGqetwXCA==}

  fast-fifo@1.3.2:
    resolution: {integrity: sha512-/d9sfos4yxzpwkDkuN7k2SqFKtYNmCTzgfEpz82x34IM9/zc8KGxQoXg1liNC/izpRM/MBdt44Nmx41ZWqk+FQ==}

  fdir@6.5.0:
    resolution: {integrity: sha512-tIbYtZbucOs0BRGqPJkshJUYdL+SDH7dVM8gjy+ERp3WAUjLEFJE+02kanyHtwjWOnwrKYBiwAmM0p4kLJAnXg==}
    engines: {node: '>=12.0.0'}
    peerDependencies:
      picomatch: ^3 || ^4
    peerDependenciesMeta:
      picomatch:
        optional: true

  file-uri-to-path@1.0.0:
    resolution: {integrity: sha512-0Zt+s3L7Vf1biwWZ29aARiVYLx7iMGnEUl9x33fbB/j3jR81u/O2LbqK+Bm1CDSNDKVtJ/YjwY7TUd5SkeLQLw==}

  fs.realpath@1.0.0:
    resolution: {integrity: sha512-OO0pH2lK6a0hZnAdau5ItzHPI6pUlvI7jMVnxUQRtw4owF2wk8lOSabtGDCTP4Ggrg2MbGnWO9X8K1t4+fGMDw==}

  gauge@3.0.2:
    resolution: {integrity: sha512-+5J6MS/5XksCuXq++uFRsnUd7Ovu1XenbeuIuNRJxYWjgQbPuFhT14lAvsWfqfAmnwluf1OwMjz39HjfLPci0Q==}
    engines: {node: '>=10'}
    deprecated: This package is no longer supported.

  glob@7.2.3:
    resolution: {integrity: sha512-nFR0zLpU2YCaRxwoCJvL6UvCH2JFyFVIvwTLsIf21AuHlMskA1hhTdk+LlYJtOlYt9v6dvszD2BGRqBL+iQK9Q==}
    deprecated: Old versions of glob are not supported, and contain widely publicized security vulnerabilities, which have been fixed in the current version. Please update. Support for old versions may be purchased (at exorbitant rates) by contacting i@izs.me

  graceful-fs@4.2.11:
    resolution: {integrity: sha512-RbJ5/jmFcNNCcDV5o9eTnBLJ/HszWV0P73bc+Ff4nS/rJj+YaS6IGyiOL0VoBYX+l1Wrl3k63h/KrH+nhJ0XvQ==}

  has-unicode@2.0.1:
    resolution: {integrity: sha512-8Rf9Y83NBReMnx0gFzA8JImQACstCYWUplepDa9xprwwtmgEZUF0h/i5xSA625zB/I37EtrswSST6OXxwaaIJQ==}

  https-proxy-agent@5.0.1:
    resolution: {integrity: sha512-dFcAjpTQFgoLMzC2VwU+C/CbS7uRL0lWmxDITmqm7C+7F0Odmj6s9l6alZc6AELXhrnggM2CeWSXHGOdX2YtwA==}
    engines: {node: '>= 6'}

  iconv-lite@0.6.3:
    resolution: {integrity: sha512-4fCk79wshMdzMp2rH06qWrJE4iolqLhCUH+OiuIgU++RB0+94NlDL81atO7GX55uUKueo0txHNtvEyI6D7WdMw==}
    engines: {node: '>=0.10.0'}

  inflight@1.0.6:
    resolution: {integrity: sha512-k92I/b08q4wvFscXCLvqfsHCrjrF7yiXsQuIVvVE7N82W3+aqpzuUdBbfhWcy/FZR3/4IgflMgKLOsvPDrGCJA==}
    deprecated: This module is not supported, and leaks memory. Do not use it. Check out lru-cache if you want a good and tested way to coalesce async requests by a key value, which is much more comprehensive and powerful.

  inherits@2.0.4:
    resolution: {integrity: sha512-k/vGaX4/Yla3WzyMCvTQOXYeIHvqOKtnqBduzTHpzpQZzAskKMhZ2K+EnBiSM9zGSoIFeMpXKxa4dYeZIQqewQ==}

  is-fullwidth-code-point@3.0.0:
    resolution: {integrity: sha512-zymm5+u+sCsSWyD9qNaejV3DFvhCKclKdizYaJUuHA83RLjb7nSuGnddCHGv0hk+KY7BMAlsWeK4Ueg6EV6XQg==}
    engines: {node: '>=8'}

  isexe@4.0.0:
    resolution: {integrity: sha512-FFUtZMpoZ8RqHS3XeXEmHWLA4thH+ZxCv2lOiPIn1Xc7CxrqhWzNSDzD+/chS/zbYezmiwWLdQC09JdQKmthOw==}
    engines: {node: '>=20'}

  lodash@4.18.1:
    resolution: {integrity: sha512-dMInicTPVE8d1e5otfwmmjlxkZoUpiVLwyeTdUsi/Caj/gfzzblBcCE5sRHV/AsjuCmxWrte2TNGSYuCeCq+0Q==}

  make-dir@3.1.0:
    resolution: {integrity: sha512-g3FeP20LNwhALb/6Cz6Dd4F2ngze0jz7tbzrD2wAV+o9FeNHe4rL+yK2md0J/fiSf1sa1ADhXqi5+oVwOM/eGw==}
    engines: {node: '>=8'}

  minimatch@10.2.5:
    resolution: {integrity: sha512-MULkVLfKGYDFYejP07QOurDLLQpcjk7Fw+7jXS2R2czRQzR56yHRveU5NDJEOviH+hETZKSkIk5c+T23GjFUMg==}
    engines: {node: 18 || 20 || >=22}

  minipass@7.1.3:
    resolution: {integrity: sha512-tEBHqDnIoM/1rXME1zgka9g6Q2lcoCkxHLuc7ODJ5BxbP5d4c2Z5cGgtXAku59200Cx7diuHTOYfSBD8n6mm8A==}
    engines: {node: '>=16 || 14 >=14.17'}

  minizlib@3.1.0:
    resolution: {integrity: sha512-KZxYo1BUkWD2TVFLr0MQoM8vUUigWD3LlD83a/75BqC+4qE0Hb1Vo5v1FgcfaNXvfXzr+5EhQ6ing/CaBijTlw==}
    engines: {node: '>= 18'}

  ms@2.1.3:
    resolution: {integrity: sha512-6FlzubTLZG3J2a/NVCAleEhjzq5oxgHyaCU9yYXvcLsvoVaHJq/s5xXI6/XXP6tz7R9xAOtHnSO/tXtF3WRTlA==}

  nan@2.23.0:
    resolution: {integrity: sha512-1UxuyYGdoQHcGg87Lkqm3FzefucTa0NAiOcuRsDmysep3c1LVCRK2krrUDafMWtjSG04htvAmvg96+SDknOmgQ==}

  node-addon-api@8.9.0:
    resolution: {integrity: sha512-ekZMeaaIzSQTSpr7X2X3iJM7lTzgnx8ahAG9pJfT/7+14mlEM8ZYQ9cgCDvSSRbReFK0oHli3WrZdCiRsgAT9Q==}
    engines: {node: ^18 || ^20 || >= 21}

  node-fetch@2.7.0:
    resolution: {integrity: sha512-c4FRfUm/dbcWZ7U+1Wq0AwCyFL+3nt2bEw05wfxSz+DWpWsitgmSgYmy2dQdWyKC1694ELPqMs/YzUSNozLt8A==}
    engines: {node: 4.x || >=6.0.0}
    peerDependencies:
      encoding: ^0.1.0
    peerDependenciesMeta:
      encoding:
        optional: true

  node-gyp-build@4.8.4:
    resolution: {integrity: sha512-LA4ZjwlnUblHVgq0oBF3Jl/6h/Nvs5fzBLwdEF4nuxnFdsfajde4WfxtJr3CaiH+F6ewcIB/q4jQ4UzPyid+CQ==}
    hasBin: true

  node-gyp@13.0.1:
    resolution: {integrity: sha512-piOr0S10qy5THB+q5BdqkoOx65XL/tjTMUAit3vciPNp+snTOBnGunWH1Rz7XZUxf2T9uFrfT/Ty4+aC3yPeyg==}
    engines: {node: ^22.22.2 || ^24.15.0 || >=26.0.0}
    hasBin: true

  node-telegram-bot-api@1.1.2:
    resolution: {integrity: sha512-PtLczp0WZCQz7LHsObl1WIyfMSTco58cfYXITqB4Fbeuybd/A/sM729h892fbcjz+szJ9lpu+/pfewUs9NObrg==}
    engines: {node: '>=18'}

  nopt@10.0.1:
    resolution: {integrity: sha512-df3sBr/6ax9hSGuC3CspvLlbnX8cP5L5nZwXF8cGN8l0zSWR6BvzmQ6jPUKjvo6+/xdpkNvEcucBNUdBeeV13g==}
    engines: {node: ^22.22.2 || ^24.15.0 || >=26.0.0}
    hasBin: true

  nopt@5.0.0:
    resolution: {integrity: sha512-Tbj67rffqceeLpcRXrT7vKAN8CwfPeIBgM7E6iBkmKLV7bEMwpGgYLGv0jACUsECaa/vuxP0IjEont6umdMgtQ==}
    engines: {node: '>=6'}
    hasBin: true

  npmlog@5.0.1:
    resolution: {integrity: sha512-AqZtDUWOMKs1G/8lwylVjrdYgqA4d9nu8hc+0gzRxlDb1I10+FHBGMXs6aiQHFdCUUlqH99MUMuLfzWDNDtfxw==}
    deprecated: This package is no longer supported.

  object-assign@4.1.1:
    resolution: {integrity: sha512-rJgTQnkUnH1sFw8yT6VSU3zD3sWmu6sZhIseY8VX+GRu3P6F7Fu+JNDoXfklElbLJSnc3FUQHVe4cU5hj+BcUg==}
    engines: {node: '>=0.10.0'}

  once@1.4.0:
    resolution: {integrity: sha512-lNaJgI+2Q5URQBkccEKHTQOPaXdUxnZZElQTZY0MFUAuaEqe1E+Nyvgdz/aIyNi6Z9MzO5dv1H8n58/GELp3+w==}

  opusscript@0.1.1:
    resolution: {integrity: sha512-mL0fZZOUnXdZ78woRXp18lApwpp0lF5tozJOD1Wut0dgrA9WuQTgSels/CSmFleaAZrJi/nci5KOVtbuxeWoQA==}

  path-is-absolute@1.0.1:
    resolution: {integrity: sha512-AVbw3UJ2e9bq64vSaS9Am0fje1Pa8pbGqTTsmXfaIiMpnr5DlDhfJOuLj9Sf95ZPVDAUerDfEk88MPmPe7UCQg==}
    engines: {node: '>=0.10.0'}

  picomatch@4.0.5:
    resolution: {integrity: sha512-RvwwcruNjI1ncT5xRakeyS9Lf8lcItv34KD+aif+VH9kduAyfYBipGh12274xtenIPZ119/R9BdTBa8gAwSh0A==}
    engines: {node: '>=12'}

  proc-log@7.0.0:
    resolution: {integrity: sha512-FYgfaA69XZ93zaXLoMNQ+ViDXGGBgR8aLh03txzcFhV+9xOXx7+8DLCULrKKpR9+GsH9ZfHm82aSUPpozX0Ztg==}
    engines: {node: ^22.22.2 || ^24.15.0 || >=26.0.0}

  readable-stream@3.6.2:
    resolution: {integrity: sha512-9u/sniCrY3D5WdsERHzHE4G2YCXqoG5FTHUiCC4SIbr6XcLZBY05ya9EKjYek9O5xOAwjGq+1JdGBAS7Q9ScoA==}
    engines: {node: '>= 6'}

  require-addon@1.1.0:
    resolution: {integrity: sha512-KbXAD5q2+v1GJnkzd8zzbOxchTkStSyJZ9QwoCq3QwEXAaIlG3wDYRZGzVD357jmwaGY7hr5VaoEAL0BkF0Kvg==}
    engines: {bare: '>=1.10.0'}

  rimraf@3.0.2:
    resolution: {integrity: sha512-JZkJMZkAGFFPP2YqXZXPbMlMBgsxzE8ILs4lMIX/2o0L9UBw9O/Y3o6wFw/i9YLapcUJWwqbi3kdxIPdC62TIA==}
    deprecated: Rimraf versions prior to v4 are no longer supported
    hasBin: true

  safe-buffer@5.2.1:
    resolution: {integrity: sha512-rp3So07KcdmmKbGvgaNxQSJr7bGVSVk5S9Eq1F+ppbRo70+YeaDxkw5Dd8NPN+GD6bjnYm2VuPuCXmpuYvmCXQ==}

  safer-buffer@2.1.2:
    resolution: {integrity: sha512-YZo3K82SD7Riyi0E1EQPojLz7kpepnSQI9IyPbHHg1XXXevb5dJI7tpyN2ADxGcQbHG7vcyRHk0cbwqcQriUtg==}

  semver@6.3.1:
    resolution: {integrity: sha512-BR7VvDCVHO+q2xBEWskxS6DJE1qRnb7DxzUrogb71CWoSficBxYsiAGd+Kl0mmq/MprG9yArRkyrQxTO6XjMzA==}
    hasBin: true

  semver@7.7.3:
    resolution: {integrity: sha512-SdsKMrI9TdgjdweUSR9MweHA4EJ8YxHn8DFaDisvhVlUOe4BF1tLD7GAj0lIqWVl+dPb/rExr0Btby5loQm20Q==}
    engines: {node: '>=10'}
    hasBin: true

  semver@7.8.5:
    resolution: {integrity: sha512-Y7/KDsb8LjooZpwaqGyulO6DQlksgCncchHGk+sZIY4SBvUocMBEFH5Ur1fI4dV+Jvl0w6cjvucaIi40puRioA==}
    engines: {node: '>=10'}
    hasBin: true

  set-blocking@2.0.0:
    resolution: {integrity: sha512-KiKBS8AnWGEyLzofFfmvKwpdPzqiy16LvQfK3yv/fVH7Bj13/wl3JSR1J+rfgRE9q7xUJK4qvgS8raSOeLUehw==}

  signal-exit@3.0.7:
    resolution: {integrity: sha512-wnD2ZE+l+SPC/uoS0vXeE9L1+0wuaMqKlfz9AMUo38JsyLSBWSFcHR1Rri62LZc12vLr1gb3jl7iwQhgwpAbGQ==}

  sodium-native@5.1.0:
    resolution: {integrity: sha512-3RxgyWyJlhTsABPnJVpCI5CoTDANZTqqFrEPqr+kjfnRaBihpVtMUE3yTF40ukdoB1APXeoBNKF3MzZAIHg39g==}
    engines: {bare: '>=1.16.0'}

  status-client@https://codeload.github.com/jimchen5209/StatusClient_JS/tar.gz/35dbe99adc7aa5c081299ba26483e933c87bcdac:
    resolution: {gitHosted: true, integrity: sha512-Qr/Vp+SqwxeJBpUOn9Y6WOFU9WrI2vjMC34LpQCQyNzpyb37dktaJszKTz/qDeMNwrK5A6r44epDDajIRDDujw==, tarball: https://codeload.github.com/jimchen5209/StatusClient_JS/tar.gz/35dbe99adc7aa5c081299ba26483e933c87bcdac}
    version: 2.3.0

  streamx@2.28.0:
    resolution: {integrity: sha512-1Yowhzjf0ivGMrTIkY9hav5TxobO9qIVqUE41fiCGMGgc3CLlf4MY+9AHmZqBWgDTue0fY9zWjYFVyf6Diuobw==}

  string-width@4.2.3:
    resolution: {integrity: sha512-wKyQRQpjJ0sIp62ErSZdGsjMJWsap5oRNihHhu6G7JVO/9jIB6UyevL+tXuOqrng8j/cxKTWyWUwvSTriiZz/g==}
    engines: {node: '>=8'}

  string_decoder@1.3.0:
    resolution: {integrity: sha512-hkRX8U1WjJFd8LsDJ2yQ/wWWxaopEsABU1XfkM8A+j0+85JAGppt16cr1Whg6KIbb4okU6Mql6BOj+uup/wKeA==}

  strip-ansi@6.0.1:
    resolution: {integrity: sha512-Y38VPSHcqkFrCpFnQ9vuSXmquuv5oXOKpGeT6aGrr3o3Gc9AlVa6JBfUSOCnbxGGZF+/0ooI7KrPuUSztUdU5A==}
    engines: {node: '>=8'}

  tar@7.5.16:
    resolution: {integrity: sha512-56adEpPMouktRlBLXiaYFFzZ/3+JXa8P9n7WbR+ibIjtviN55mEaOkiysCnPnWm+7kkui1Dn8J9l+g6zV8731w==}
    engines: {node: '>=18'}

  tar@7.5.19:
    resolution: {integrity: sha512-4LeEWl96twnS2Q7Bz4MGqgazLqO+hJN63GZxXoIqh1T3VweYD997gbU1ItNsQafqqXTXd5WFyFdReLtwvRBNiw==}
    engines: {node: '>=18'}

  teex@1.0.1:
    resolution: {integrity: sha512-eYE6iEI62Ni1H8oIa7KlDU6uQBtqr4Eajni3wX7rpfXD8ysFx8z0+dri+KWEPWpBsxXfxu58x/0jvTVT1ekOSg==}

  text-decoder@1.2.7:
    resolution: {integrity: sha512-vlLytXkeP4xvEq2otHeJfSQIRyWxo/oZGEbXrtEEF9Hnmrdly59sUbzZ/QgyWuLYHctCHxFF4tRQZNQ9k60ExQ==}

  tinyglobby@0.2.17:
    resolution: {integrity: sha512-wXR/dYpcqKmfWpEdZjiKJOwCNFndD0DMnrW/cYjVGttEkBfVgcLFHoNrlj47mjOVic9yyNu65alsgF4NQyTa2g==}
    engines: {node: '>=12.0.0'}

  tr46@0.0.3:
    resolution: {integrity: sha512-N3WMsuqV66lT30CrXNbEjx4GEwlow3v6rr4mCcv6prnfwhS01rkgyFdjPNBYd9br7LpXV1+Emh01fHnq2Gdgrw==}

  tslib@2.8.1:
    resolution: {integrity: sha512-oJFu94HQb+KVduSUQL7wnpmqnfmLsOA/nAh6b6EH0wCEoK0/mPeXU6c3wKDV83MkOuHPRHtSXKKU99IBazS/2w==}

  tslog@4.10.2:
    resolution: {integrity: sha512-XuELoRpMR+sq8fuWwX7P0bcj+PRNiicOKDEb3fGNURhxWVyykCi9BNq7c4uVz7h7P0sj8qgBsr5SWS6yBClq3g==}
    engines: {node: '>=16'}

  typescript@6.0.3:
    resolution: {integrity: sha512-y2TvuxSZPDyQakkFRPZHKFm+KKVqIisdg9/CZwm9ftvKXLP8NRWj38/ODjNbr43SsoXqNuAisEf1GdCxqWcdBw==}
    engines: {node: '>=14.17'}
    hasBin: true

  undici-types@7.18.2:
    resolution: {integrity: sha512-AsuCzffGHJybSaRrmr5eHr81mwJU3kjw6M+uprWvCXiNeN9SOGwQ3Jn8jb8m3Z6izVgknn1R0FTCEAP2QrLY/w==}

  undici@8.6.0:
    resolution: {integrity: sha512-l2FlC6I510GawyEd1qgcE/okihKrzy+BRTEBlu6T0fdbM9m5yxtIH5Oa3ysRsH0zC4EhmWUEaSDsy2QngBeRlw==}
    engines: {node: '>=22.19.0'}

  util-deprecate@1.0.2:
    resolution: {integrity: sha512-EPD5q1uXyFxJpCrLnCc1nHnq3gOa6DZBocAIiI2TaSCA7VCJ1UJDMagCzIkXNsUYfD1daK//LTEQ8xiIbrHtcw==}

  webidl-conversions@3.0.1:
    resolution: {integrity: sha512-2JAn3z8AR6rjK8Sm8orRC0h/bcl/DqL7tRPdGZ4I1CjdF+EaMLmYxBHyXuKL849eucPFhvBoxMsflfOb8kxaeQ==}

  whatwg-url@5.0.0:
    resolution: {integrity: sha512-saE57nupxk6v3HY35+jzBwYa0rKSy0XR8JSxZPwgLr7ys0IBzhGviA1/TUGJLmSVqs8pb9AnvICXEuOHLprYTw==}

  which-runtime@1.3.2:
    resolution: {integrity: sha512-5kwCfWml7+b2NO7KrLMhYihjRx0teKkd3yGp1Xk5Vaf2JGdSh+rgVhEALAD9c/59dP+YwJHXoEO7e8QPy7gOkw==}

  which@7.0.0:
    resolution: {integrity: sha512-RancgH2dmbLdHl6LRhEqvklWMgl/Hdnun0Y90KhBOLkMefg8Qa7/Zel8Sm+8HEcP6DEjzsWzpkuBQEZok58isA==}
    engines: {node: ^22.22.2 || ^24.15.0 || >=26.0.0}
    hasBin: true

  wide-align@1.1.5:
    resolution: {integrity: sha512-eDMORYaPNZ4sQIuuYPDHdQvf4gyCF9rEEV/yPxGfwPkRodwEgiMUUXTx/dex+Me0wxx53S+NgUHaP7y3MGlDmg==}

  wrappy@1.0.2:
    resolution: {integrity: sha512-l4Sp/DRseor9wL6EvV2+TuQn63dMkPjZ/sp9XkghTEbV9KlPS1xUsZ3u7/IQO4wxtcFB4bgpQPRcR3QCvezPcQ==}

  ws@8.21.0:
    resolution: {integrity: sha512-Vsp28b7DRcimFQvrqu2Wek3z1iYxDCWqHYB8Qsnk/S4RfaCQzPGPyBNuVjJV3cd6UiKtUtp6sNM77gWvzcCH+g==}
    engines: {node: '>=10.0.0'}
    peerDependencies:
      bufferutil: ^4.0.1
      utf-8-validate: '>=5.0.2'
    peerDependenciesMeta:
      bufferutil:
        optional: true
      utf-8-validate:
        optional: true

  yallist@5.0.0:
    resolution: {integrity: sha512-YgvUTfwqyc7UXVMrB+SImsVYSmTS8X/tSrtdNZMImM+n7+QTriRXyXim0mBrTXNeqzVF0KWGgHPeiyViFFrNDw==}
    engines: {node: '>=18'}

snapshots:

  '@biomejs/biome@2.5.10':
    optionalDependencies:
      '@biomejs/cli-darwin-arm64': 2.5.10
      '@biomejs/cli-darwin-x64': 2.5.10
      '@biomejs/cli-linux-arm64': 2.5.10
      '@biomejs/cli-linux-arm64-musl': 2.5.10
      '@biomejs/cli-linux-x64': 2.5.10
      '@biomejs/cli-linux-x64-musl': 2.5.10
      '@biomejs/cli-win32-arm64': 2.5.10
      '@biomejs/cli-win32-x64': 2.5.10

  '@biomejs/cli-darwin-arm64@2.5.10':
    optional: true

  '@biomejs/cli-darwin-x64@2.5.10':
    optional: true

  '@biomejs/cli-linux-arm64-musl@2.5.10':
    optional: true

  '@biomejs/cli-linux-arm64@2.5.10':
    optional: true

  '@biomejs/cli-linux-x64-musl@2.5.10':
    optional: true

  '@biomejs/cli-linux-x64@2.5.10':
    optional: true

  '@biomejs/cli-win32-arm64@2.5.10':
    optional: true

  '@biomejs/cli-win32-x64@2.5.10':
    optional: true

  '@discordjs/node-pre-gyp@0.4.5(encoding@0.1.13)':
    dependencies:
      detect-libc: 2.1.2
      https-proxy-agent: 5.0.1
      make-dir: 3.1.0
      node-fetch: 2.7.0(encoding@0.1.13)
      nopt: 5.0.0
      npmlog: 5.0.1
      rimraf: 3.0.2
      semver: 7.7.3
      tar: 7.5.16
    transitivePeerDependencies:
      - encoding
      - supports-color
    optional: true

  '@discordjs/opus@0.10.0(encoding@0.1.13)':
    dependencies:
      '@discordjs/node-pre-gyp': 0.4.5(encoding@0.1.13)
      node-addon-api: 8.9.0
    transitivePeerDependencies:
      - encoding
      - supports-color
    optional: true

  '@emnapi/core@1.6.0':
    dependencies:
      '@emnapi/wasi-threads': 1.1.0
      tslib: 2.8.1
    optional: true

  '@emnapi/runtime@1.6.0':
    dependencies:
      tslib: 2.8.1
    optional: true

  '@emnapi/wasi-threads@1.1.0':
    dependencies:
      tslib: 2.8.1
    optional: true

  '@isaacs/fs-minipass@4.0.1':
    dependencies:
      minipass: 7.1.3

  '@napi-rs/wasm-runtime@1.1.6(@emnapi/core@1.6.0)(@emnapi/runtime@1.6.0)':
    dependencies:
      '@emnapi/core': 1.6.0
      '@emnapi/runtime': 1.6.0
      '@tybys/wasm-util': 0.10.3
    optional: true

  '@projectdysnomia/dysnomia@0.2.4(patch_hash=6352d8c2945d8257c3e87d8000a2f398d0b2ffdc1f4a958efc0e1c8ac19588a2)(@discordjs/opus@0.10.0(encoding@0.1.13))(@emnapi/core@1.6.0)(@emnapi/runtime@1.6.0)(bufferutil@4.1.0)(erlpack@0.1.4)(sodium-native@5.1.0(bare-events@2.9.1))':
    dependencies:
      ws: 8.21.0(bufferutil@4.1.0)
    optionalDependencies:
      '@discordjs/opus': 0.10.0(encoding@0.1.13)
      '@snazzah/davey': 0.1.12(@emnapi/core@1.6.0)(@emnapi/runtime@1.6.0)
      '@stablelib/xchacha20poly1305': 1.0.1
      erlpack: 0.1.4
      opusscript: 0.1.1
      sodium-native: 5.1.0(bare-events@2.9.1)
    transitivePeerDependencies:
      - '@emnapi/core'
      - '@emnapi/runtime'
      - bufferutil
      - utf-8-validate

  '@snazzah/davey-android-arm-eabi@0.1.12':
    optional: true

  '@snazzah/davey-android-arm64@0.1.12':
    optional: true

  '@snazzah/davey-darwin-arm64@0.1.12':
    optional: true

  '@snazzah/davey-darwin-x64@0.1.12':
    optional: true

  '@snazzah/davey-freebsd-x64@0.1.12':
    optional: true

  '@snazzah/davey-linux-arm-gnueabihf@0.1.12':
    optional: true

  '@snazzah/davey-linux-arm64-gnu@0.1.12':
    optional: true

  '@snazzah/davey-linux-arm64-musl@0.1.12':
    optional: true

  '@snazzah/davey-linux-x64-gnu@0.1.12':
    optional: true

  '@snazzah/davey-linux-x64-musl@0.1.12':
    optional: true

  '@snazzah/davey-wasm32-wasi@0.1.12(@emnapi/core@1.6.0)(@emnapi/runtime@1.6.0)':
    dependencies:
      '@napi-rs/wasm-runtime': 1.1.6(@emnapi/core@1.6.0)(@emnapi/runtime@1.6.0)
    transitivePeerDependencies:
      - '@emnapi/core'
      - '@emnapi/runtime'
    optional: true

  '@snazzah/davey-win32-arm64-msvc@0.1.12':
    optional: true

  '@snazzah/davey-win32-ia32-msvc@0.1.12':
    optional: true

  '@snazzah/davey-win32-x64-msvc@0.1.12':
    optional: true

  '@snazzah/davey@0.1.12(@emnapi/core@1.6.0)(@emnapi/runtime@1.6.0)':
    optionalDependencies:
      '@snazzah/davey-android-arm-eabi': 0.1.12
      '@snazzah/davey-android-arm64': 0.1.12
      '@snazzah/davey-darwin-arm64': 0.1.12
      '@snazzah/davey-darwin-x64': 0.1.12
      '@snazzah/davey-freebsd-x64': 0.1.12
      '@snazzah/davey-linux-arm-gnueabihf': 0.1.12
      '@snazzah/davey-linux-arm64-gnu': 0.1.12
      '@snazzah/davey-linux-arm64-musl': 0.1.12
      '@snazzah/davey-linux-x64-gnu': 0.1.12
      '@snazzah/davey-linux-x64-musl': 0.1.12
      '@snazzah/davey-wasm32-wasi': 0.1.12(@emnapi/core@1.6.0)(@emnapi/runtime@1.6.0)
      '@snazzah/davey-win32-arm64-msvc': 0.1.12
      '@snazzah/davey-win32-ia32-msvc': 0.1.12
      '@snazzah/davey-win32-x64-msvc': 0.1.12
    transitivePeerDependencies:
      - '@emnapi/core'
      - '@emnapi/runtime'
    optional: true

  '@stablelib/aead@1.0.1':
    optional: true

  '@stablelib/binary@1.0.1':
    dependencies:
      '@stablelib/int': 1.0.1
    optional: true

  '@stablelib/chacha20poly1305@1.0.1':
    dependencies:
      '@stablelib/aead': 1.0.1
      '@stablelib/binary': 1.0.1
      '@stablelib/chacha': 1.0.1
      '@stablelib/constant-time': 1.0.1
      '@stablelib/poly1305': 1.0.1
      '@stablelib/wipe': 1.0.1
    optional: true

  '@stablelib/chacha@1.0.1':
    dependencies:
      '@stablelib/binary': 1.0.1
      '@stablelib/wipe': 1.0.1
    optional: true

  '@stablelib/constant-time@1.0.1':
    optional: true

  '@stablelib/int@1.0.1':
    optional: true

  '@stablelib/poly1305@1.0.1':
    dependencies:
      '@stablelib/constant-time': 1.0.1
      '@stablelib/wipe': 1.0.1
    optional: true

  '@stablelib/wipe@1.0.1':
    optional: true

  '@stablelib/xchacha20@1.0.1':
    dependencies:
      '@stablelib/binary': 1.0.1
      '@stablelib/chacha': 1.0.1
      '@stablelib/wipe': 1.0.1
    optional: true

  '@stablelib/xchacha20poly1305@1.0.1':
    dependencies:
      '@stablelib/aead': 1.0.1
      '@stablelib/chacha20poly1305': 1.0.1
      '@stablelib/constant-time': 1.0.1
      '@stablelib/wipe': 1.0.1
      '@stablelib/xchacha20': 1.0.1
    optional: true

  '@tybys/wasm-util@0.10.3':
    dependencies:
      tslib: 2.8.1
    optional: true

  '@types/lodash@4.17.24': {}

  '@types/node@24.13.2':
    dependencies:
      undici-types: 7.18.2

  '@types/ws@8.18.1':
    dependencies:
      '@types/node': 24.13.2

  abbrev@1.1.1:
    optional: true

  abbrev@5.0.0: {}

  agent-base@6.0.2:
    dependencies:
      debug: 4.4.3
    transitivePeerDependencies:
      - supports-color
    optional: true

  ansi-regex@5.0.1:
    optional: true

  aproba@2.1.0:
    optional: true

  are-we-there-yet@2.0.0:
    dependencies:
      delegates: 1.0.0
      readable-stream: 3.6.2
    optional: true

  async-wait-until@2.0.31: {}

  b4a@1.8.1:
    optional: true

  balanced-match@4.0.4:
    optional: true

  bare-addon-resolve@1.9.5(bare-url@2.3.1):
    dependencies:
      bare-module-resolve: 1.11.2(bare-url@2.3.1)
      bare-semver: 1.0.2
    optionalDependencies:
      bare-url: 2.3.1
    optional: true

  bare-ansi-escapes@2.2.3(bare-events@2.9.1):
    dependencies:
      bare-stream: 2.13.3(bare-events@2.9.1)
    transitivePeerDependencies:
      - bare-abort-controller
      - bare-events
      - react-native-b4a
    optional: true

  bare-assert@1.2.0(bare-events@2.9.1):
    dependencies:
      bare-inspect: 3.1.4(bare-events@2.9.1)
    transitivePeerDependencies:
      - bare-abort-controller
      - bare-buffer
      - bare-events
      - react-native-b4a
    optional: true

  bare-events@2.9.1:
    optional: true

  bare-inspect@3.1.4(bare-events@2.9.1):
    dependencies:
      bare-ansi-escapes: 2.2.3(bare-events@2.9.1)
      bare-type: 1.1.0
    transitivePeerDependencies:
      - bare-abort-controller
      - bare-buffer
      - bare-events
      - react-native-b4a
    optional: true

  bare-module-resolve@1.11.2(bare-url@2.3.1):
    dependencies:
      bare-semver: 1.0.2
    optionalDependencies:
      bare-url: 2.3.1
    optional: true

  bare-os@3.6.2:
    optional: true

  bare-path@3.0.0:
    dependencies:
      bare-os: 3.6.2
    optional: true

  bare-semver@1.0.2:
    optional: true

  bare-stream@2.13.3(bare-events@2.9.1):
    dependencies:
      b4a: 1.8.1
      streamx: 2.28.0
      teex: 1.0.1
    optionalDependencies:
      bare-events: 2.9.1
    transitivePeerDependencies:
      - react-native-b4a
    optional: true

  bare-type@1.1.0:
    optional: true

  bare-url@2.3.1:
    dependencies:
      bare-path: 3.0.0
    optional: true

  bindings@1.5.0:
    dependencies:
      file-uri-to-path: 1.0.0
    optional: true

  brace-expansion@5.0.6:
    dependencies:
      balanced-match: 4.0.4
    optional: true

  bufferutil@4.1.0:
    dependencies:
      node-gyp-build: 4.8.4
    optional: true

  chownr@3.0.0: {}

  color-support@1.1.3:
    optional: true

  console-control-strings@1.1.0:
    optional: true

  dayjs@1.11.21: {}

  debug@4.4.3:
    dependencies:
      ms: 2.1.3
    optional: true

  delegates@1.0.0:
    optional: true

  detect-libc@2.1.2:
    optional: true

  emoji-regex@8.0.0:
    optional: true

  encoding@0.1.13:
    dependencies:
      iconv-lite: 0.6.3
    optional: true

  env-paths@2.2.1: {}

  erlpack@0.1.4:
    dependencies:
      bindings: 1.5.0
      nan: 2.23.0
    optional: true

  events-universal@1.0.1:
    dependencies:
      bare-events: 2.9.1
    transitivePeerDependencies:
      - bare-abort-controller
    optional: true

  exponential-backoff@3.1.3: {}

  fast-fifo@1.3.2:
    optional: true

  fdir@6.5.0(picomatch@4.0.5):
    optionalDependencies:
      picomatch: 4.0.5

  file-uri-to-path@1.0.0:
    optional: true

  fs.realpath@1.0.0:
    optional: true

  gauge@3.0.2:
    dependencies:
      aproba: 2.1.0
      color-support: 1.1.3
      console-control-strings: 1.1.0
      has-unicode: 2.0.1
      object-assign: 4.1.1
      signal-exit: 3.0.7
      string-width: 4.2.3
      strip-ansi: 6.0.1
      wide-align: 1.1.5
    optional: true

  glob@7.2.3:
    dependencies:
      fs.realpath: 1.0.0
      inflight: 1.0.6
      inherits: 2.0.4
      minimatch: 10.2.5
      once: 1.4.0
      path-is-absolute: 1.0.1
    optional: true

  graceful-fs@4.2.11: {}

  has-unicode@2.0.1:
    optional: true

  https-proxy-agent@5.0.1:
    dependencies:
      agent-base: 6.0.2
      debug: 4.4.3
    transitivePeerDependencies:
      - supports-color
    optional: true

  iconv-lite@0.6.3:
    dependencies:
      safer-buffer: 2.1.2
    optional: true

  inflight@1.0.6:
    dependencies:
      once: 1.4.0
      wrappy: 1.0.2
    optional: true

  inherits@2.0.4:
    optional: true

  is-fullwidth-code-point@3.0.0:
    optional: true

  isexe@4.0.0: {}

  lodash@4.18.1: {}

  make-dir@3.1.0:
    dependencies:
      semver: 6.3.1
    optional: true

  minimatch@10.2.5:
    dependencies:
      brace-expansion: 5.0.6
    optional: true

  minipass@7.1.3: {}

  minizlib@3.1.0:
    dependencies:
      minipass: 7.1.3

  ms@2.1.3:
    optional: true

  nan@2.23.0:
    optional: true

  node-addon-api@8.9.0:
    optional: true

  node-fetch@2.7.0(encoding@0.1.13):
    dependencies:
      whatwg-url: 5.0.0
    optionalDependencies:
      encoding: 0.1.13
    optional: true

  node-gyp-build@4.8.4:
    optional: true

  node-gyp@13.0.1:
    dependencies:
      env-paths: 2.2.1
      exponential-backoff: 3.1.3
      graceful-fs: 4.2.11
      nopt: 10.0.1
      proc-log: 7.0.0
      semver: 7.8.5
      tar: 7.5.19
      tinyglobby: 0.2.17
      undici: 8.6.0
      which: 7.0.0

  node-telegram-bot-api@1.1.2: {}

  nopt@10.0.1:
    dependencies:
      abbrev: 5.0.0

  nopt@5.0.0:
    dependencies:
      abbrev: 1.1.1
    optional: true

  npmlog@5.0.1:
    dependencies:
      are-we-there-yet: 2.0.0
      console-control-strings: 1.1.0
      gauge: 3.0.2
      set-blocking: 2.0.0
    optional: true

  object-assign@4.1.1:
    optional: true

  once@1.4.0:
    dependencies:
      wrappy: 1.0.2
    optional: true

  opusscript@0.1.1: {}

  path-is-absolute@1.0.1:
    optional: true

  picomatch@4.0.5: {}

  proc-log@7.0.0: {}

  readable-stream@3.6.2:
    dependencies:
      inherits: 2.0.4
      string_decoder: 1.3.0
      util-deprecate: 1.0.2
    optional: true

  require-addon@1.1.0:
    dependencies:
      bare-addon-resolve: 1.9.5(bare-url@2.3.1)
      bare-url: 2.3.1
    optional: true

  rimraf@3.0.2:
    dependencies:
      glob: 7.2.3
    optional: true

  safe-buffer@5.2.1:
    optional: true

  safer-buffer@2.1.2:
    optional: true

  semver@6.3.1:
    optional: true

  semver@7.7.3:
    optional: true

  semver@7.8.5: {}

  set-blocking@2.0.0:
    optional: true

  signal-exit@3.0.7:
    optional: true

  sodium-native@5.1.0(bare-events@2.9.1):
    dependencies:
      bare-assert: 1.2.0(bare-events@2.9.1)
      require-addon: 1.1.0
      which-runtime: 1.3.2
    transitivePeerDependencies:
      - bare-abort-controller
      - bare-buffer
      - bare-events
      - react-native-b4a
    optional: true

  status-client@https://codeload.github.com/jimchen5209/StatusClient_JS/tar.gz/35dbe99adc7aa5c081299ba26483e933c87bcdac: {}

  streamx@2.28.0:
    dependencies:
      events-universal: 1.0.1
      fast-fifo: 1.3.2
      text-decoder: 1.2.7
    transitivePeerDependencies:
      - bare-abort-controller
      - react-native-b4a
    optional: true

  string-width@4.2.3:
    dependencies:
      emoji-regex: 8.0.0
      is-fullwidth-code-point: 3.0.0
      strip-ansi: 6.0.1
    optional: true

  string_decoder@1.3.0:
    dependencies:
      safe-buffer: 5.2.1
    optional: true

  strip-ansi@6.0.1:
    dependencies:
      ansi-regex: 5.0.1
    optional: true

  tar@7.5.16:
    dependencies:
      '@isaacs/fs-minipass': 4.0.1
      chownr: 3.0.0
      minipass: 7.1.3
      minizlib: 3.1.0
      yallist: 5.0.0
    optional: true

  tar@7.5.19:
    dependencies:
      '@isaacs/fs-minipass': 4.0.1
      chownr: 3.0.0
      minipass: 7.1.3
      minizlib: 3.1.0
      yallist: 5.0.0

  teex@1.0.1:
    dependencies:
      streamx: 2.28.0
    transitivePeerDependencies:
      - bare-abort-controller
      - react-native-b4a
    optional: true

  text-decoder@1.2.7:
    dependencies:
      b4a: 1.8.1
    transitivePeerDependencies:
      - react-native-b4a
    optional: true

  tinyglobby@0.2.17:
    dependencies:
      fdir: 6.5.0(picomatch@4.0.5)
      picomatch: 4.0.5

  tr46@0.0.3:
    optional: true

  tslib@2.8.1:
    optional: true

  tslog@4.10.2: {}

  typescript@6.0.3: {}

  undici-types@7.18.2: {}

  undici@8.6.0: {}

  util-deprecate@1.0.2:
    optional: true

  webidl-conversions@3.0.1:
    optional: true

  whatwg-url@5.0.0:
    dependencies:
      tr46: 0.0.3
      webidl-conversions: 3.0.1
    optional: true

  which-runtime@1.3.2:
    optional: true

  which@7.0.0:
    dependencies:
      isexe: 4.0.0

  wide-align@1.1.5:
    dependencies:
      string-width: 4.2.3
    optional: true

  wrappy@1.0.2:
    optional: true

  ws@8.21.0(bufferutil@4.1.0):
    optionalDependencies:
      bufferutil: 4.1.0

  yallist@5.0.0: {}
